
Microsoft Visual Studio Solution File, Format Version 12.00
# Visual Studio Version 16
VisualStudioVersion = 16.0.30804.86
MinimumVisualStudioVersion = 10.0.40219.1
Project("{9A19103F-16F7-4668-BE54-9A1E7A4F7556}") = "Structures", "Array\Structures.csproj", "{489D516E-5AA4-4C81-BE1D-4E27AD4637D4}"
EndProject
Global
	GlobalSection(SolutionConfigurationPlatforms) = preSolution
		Debug|Any CPU = Debug|Any CPU
		Release|Any CPU = Release|Any CPU
	EndGlobalSection
	GlobalSection(ProjectConfigurationPlatforms) = postSolution
		{489D516E-5AA4-4C81-BE1D-4E27AD4637D4}.Debug|Any CPU.ActiveCfg = Debug|Any CPU
		{489D516E-5AA4-4C81-BE1D-4E27AD4637D4}.Debug|Any CPU.Build.0 = Debug|Any CPU
		{489D516E-5AA4-4C81-BE1D-4E27AD4637D4}.Release|Any CPU.ActiveCfg = Release|Any CPU
		{489D516E-5AA4-4C81-BE1D-4E27AD4637D4}.Release|Any CPU.Build.0 = Release|Any CPU
	EndGlobalSection
	GlobalSection(SolutionProperties) = preSolution
		HideSolutionNode = FALSE
	EndGlobalSection
	GlobalSection(ExtensibilityGlobals) = postSolution
		SolutionGuid = {60608F6D-CB56-4092-B22F-16D5AB6B2152}
	EndGlobalSection
EndGlobal
